
Microsoft Visual Studio Solution File, Format Version 12.00
# Visual Studio Version 16
VisualStudioVersion = 16.0.30804.86
MinimumVisualStudioVersion = 10.0.40219.1
Project("{8BC9CEB8-8B4A-11D0-8D11-00A0C91BC942}") = "bmsbhop", "bmsbhop.vcxproj", "{41C2B325-F59C-4AC3-A686-EF1EB23187D0}"
EndProject
Global
	GlobalSection(SolutionConfigurationPlatforms) = preSolution
		Debug|x64 = Debug|x64
		Debug|x86 = Debug|x86
		Release|x64 = Release|x64
		Release|x86 = Release|x86
	EndGlobalSection
	GlobalSection(ProjectConfigurationPlatforms) = postSolution
		{41C2B325-F59C-4AC3-A686-EF1EB23187D0}.Debug|x64.ActiveCfg = Debug|x64
		{41C2B325-F59C-4AC3-A686-EF1EB23187D0}.Debug|x64.Build.0 = Debug|x64
		{41C2B325-F59C-4AC3-A686-EF1EB23187D0}.Debug|x86.ActiveCfg = Debug|Win32
		{41C2B325-F59C-4AC3-A686-EF1EB23187D0}.Debug|x86.Build.0 = Debug|Win32
		{41C2B325-F59C-4AC3-A686-EF1EB23187D0}.Release|x64.ActiveCfg = Release|x64
		{41C2B325-F59C-4AC3-A686-EF1EB23187D0}.Release|x64.Build.0 = Release|x64
		{41C2B325-F59C-4AC3-A686-EF1EB23187D0}.Release|x86.ActiveCfg = Release|Win32
		{41C2B325-F59C-4AC3-A686-EF1EB23187D0}.Release|x86.Build.0 = Release|Win32
	EndGlobalSection
	GlobalSection(SolutionProperties) = preSolution
		HideSolutionNode = FALSE
	EndGlobalSection
	GlobalSection(ExtensibilityGlobals) = postSolution
		SolutionGuid = {A6ABD3DB-DE3A-4495-B8AF-647F2E767E01}
	EndGlobalSection
EndGlobal
